
Microsoft Visual Studio Solution File, Format Version 12.00
# Visual Studio Version 17
VisualStudioVersion = 17.14.36408.4 d17.14
MinimumVisualStudioVersion = 10.0.40219.1
Project("{FAE04EC0-301F-11D3-BF4B-00C04F79EFBC}") = "CosmoBet", "CosmoBet\CosmoBet.csproj", "{F4B905C4-AF8E-4682-815C-55FE941934C5}"
EndProject
Global
	GlobalSection(SolutionConfigurationPlatforms) = preSolution
		Debug|Any CPU = Debug|Any CPU
		Release|Any CPU = Release|Any CPU
	EndGlobalSection
	GlobalSection(ProjectConfigurationPlatforms) = postSolution
		{F4B905C4-AF8E-4682-815C-55FE941934C5}.Debug|Any CPU.ActiveCfg = Debug|Any CPU
		{F4B905C4-AF8E-4682-815C-55FE941934C5}.Debug|Any CPU.Build.0 = Debug|Any CPU
		{F4B905C4-AF8E-4682-815C-55FE941934C5}.Release|Any CPU.ActiveCfg = Release|Any CPU
		{F4B905C4-AF8E-4682-815C-55FE941934C5}.Release|Any CPU.Build.0 = Release|Any CPU
	EndGlobalSection
	GlobalSection(SolutionProperties) = preSolution
		HideSolutionNode = FALSE
	EndGlobalSection
	GlobalSection(ExtensibilityGlobals) = postSolution
		SolutionGuid = {6B095C37-D235-4849-89CC-3CDFD4F7F13E}
	EndGlobalSection
EndGlobal
